{
    "name": "vstx-sql",
    "version": "1.0.0",
    "lockfileVersion": 1,
    "requires": true,
    "dependencies": {
        "@types/jquery": {
            "version": "3.3.29",
            "resolved": "https://npm.cgn.it/@types%2fjquery/-/jquery-3.3.29.tgz",
            "integrity": "sha512-FhJvBninYD36v3k6c+bVk1DSZwh7B5Dpb/Pyk3HKVsiohn0nhbefZZ+3JXbWQhFyt0MxSl2jRDdGQPHeOHFXrQ==",
            "requires": {
                "@types/sizzle": "*"
            }
        },
        "@types/jqueryui": {
            "version": "1.12.7",
            "resolved": "https://npm.cgn.it/@types%2fjqueryui/-/jqueryui-1.12.7.tgz",
            "integrity": "sha512-MpHuknhR20kBNsDA2VAM6WZGc+CMApzfKfTZuzMOH2dEUzo5POPGicfGJ647wvl2T6ZgQKPCSWmCUhna3XpX0Q==",
            "dev": true,
            "requires": {
                "@types/jquery": "*"
            }
        },
        "@types/knockout": {
            "version": "3.4.64",
            "resolved": "https://npm.cgn.it/@types%2fknockout/-/knockout-3.4.64.tgz",
            "integrity": "sha512-9RI6yMmXx7imrphme3BPAQAnwRScs9zho1PAeQbv8BqdNhYrDyrC3Inuc0S+3fgzOi8wH4sdWxG06CJfVieaIQ==",
            "dev": true
        },
        "@types/mousetrap": {
            "version": "1.5.34",
            "resolved": "https://registry.npmjs.org/@types/mousetrap/-/mousetrap-1.5.34.tgz",
            "integrity": "sha512-a2yhRIADupQfOFM75v7GfcQQLUxU705+i/xcZ3N/3PK3Xdo31SUfuCUByWPGOHB1e38m7MxTx/D8FPVsJXZKJw==",
            "dev": true
        },
        "@types/q": {
            "version": "1.5.2",
            "resolved": "https://npm.cgn.it/@types%2fq/-/q-1.5.2.tgz",
            "integrity": "sha512-ce5d3q03Ex0sy4R14722Rmt6MT07Ua+k4FwDfdcToYJcMKNtRVQvJ6JCAPdAmAnbRb6CsX6aYb9m96NGod9uTw==",
            "dev": true
        },
        "@types/react": {
            "version": "15.6.22",
            "resolved": "https://npm.cgn.it/@types%2freact/-/react-15.6.22.tgz",
            "integrity": "sha512-IF919L7jPY3XmTyN7VXd4wU4r2HZw7yziPPW9b/fYgZh/hZV0iw6t9SDmPt/T4IGwKA9tDKcoKpnTl4T+zq9iw==",
            "dev": true
        },
        "@types/requirejs": {
            "version": "2.1.31",
            "resolved": "https://registry.npmjs.org/@types/requirejs/-/requirejs-2.1.31.tgz",
            "integrity": "sha512-b2soeyuU76rMbcRJ4e0hEl0tbMhFwZeTC0VZnfuWlfGlk6BwWNsev6kFu/twKABPX29wkX84wU2o+cEJoXsiTw==",
            "dev": true
        },
        "@types/sizzle": {
            "version": "2.3.2",
            "resolved": "https://npm.cgn.it/@types%2fsizzle/-/sizzle-2.3.2.tgz",
            "integrity": "sha512-7EJYyKTL7tFR8+gDbB6Wwz/arpGa0Mywk1TJbNzKzHtzbwVmY4HR9WqS5VV7dsBUKQmPNr192jHr/VpBluj/hg=="
        },
        "jquery": {
            "version": "3.4.1",
            "resolved": "https://npm.cgn.it/jquery/-/jquery-3.4.1.tgz",
            "integrity": "sha512-36+AdBzCL+y6qjw5Tx7HgzeGCzC81MDDgaUP8ld2zhx58HdqXGoBd+tHdrBMiyjGQs0Hxs/MLZTu/eHNJJuWPw=="
        },
        "vss-web-extension-sdk": {
            "version": "5.141.0",
            "resolved": "https://npm.cgn.it/vss-web-extension-sdk/-/vss-web-extension-sdk-5.141.0.tgz",
            "integrity": "sha512-c/r/HWQh4hljKOSNQMiFoeICckKFfU/1nxDCVFhioDHOE8B0i5aJN9rrihGilgMXugzl8K5hBsZs42eFqd30AQ==",
            "dev": true,
            "requires": {
                "@types/jquery": ">=2.0.48",
                "@types/jqueryui": ">=1.11.34",
                "@types/knockout": "^3.4.49",
                "@types/mousetrap": "~1.5.34",
                "@types/q": "0.0.32",
                "@types/react": "^15.6.12",
                "@types/requirejs": ">=2.1.28"
            },
            "dependencies": {
                "@types/q": {
                    "version": "0.0.32",
                    "resolved": "http://registry.npmjs.org/@types/q/-/q-0.0.32.tgz",
                    "integrity": "sha1-vShOV8hPEyXacCur/IKlMoGQwMU=",
                    "dev": true
                }
            }
        }
    }
}
